
Microsoft Visual Studio Solution File, Format Version 12.00
# Visual Studio Version 17
VisualStudioVersion = 17.0.32014.148
MinimumVisualStudioVersion = 10.0.40219.1
Project("{9A19103F-16F7-4668-BE54-9A1E7A4F7556}") = "Server", "Server\Server.csproj", "{F45CF3BE-21A6-406B-AA4B-C79CF8979F8F}"
EndProject
Project("{9A19103F-16F7-4668-BE54-9A1E7A4F7556}") = "Client", "Client\Client.csproj", "{C3B6A45F-F859-4BA0-9036-C90412887741}"
EndProject
Project("{9A19103F-16F7-4668-BE54-9A1E7A4F7556}") = "Shared", "Shared\Shared.csproj", "{C15F010C-E0FE-4E71-9EA0-59FA1F336323}"
EndProject
Project("{2150E333-8FDC-42A3-9474-1A3956D46DE8}") = "Solution Items", "Solution Items", "{412CBE68-B063-4F1D-99F1-9A307A255ACB}"
	ProjectSection(SolutionItems) = preProject
		.editorconfig = .editorconfig
	EndProjectSection
EndProject
Global
	GlobalSection(SolutionConfigurationPlatforms) = preSolution
		Debug|Any CPU = Debug|Any CPU
		Release|Any CPU = Release|Any CPU
	EndGlobalSection
	GlobalSection(ProjectConfigurationPlatforms) = postSolution
		{F45CF3BE-21A6-406B-AA4B-C79CF8979F8F}.Debug|Any CPU.ActiveCfg = Debug|Any CPU
		{F45CF3BE-21A6-406B-AA4B-C79CF8979F8F}.Debug|Any CPU.Build.0 = Debug|Any CPU
		{F45CF3BE-21A6-406B-AA4B-C79CF8979F8F}.Release|Any CPU.ActiveCfg = Release|Any CPU
		{F45CF3BE-21A6-406B-AA4B-C79CF8979F8F}.Release|Any CPU.Build.0 = Release|Any CPU
		{C3B6A45F-F859-4BA0-9036-C90412887741}.Debug|Any CPU.ActiveCfg = Debug|Any CPU
		{C3B6A45F-F859-4BA0-9036-C90412887741}.Debug|Any CPU.Build.0 = Debug|Any CPU
		{C3B6A45F-F859-4BA0-9036-C90412887741}.Release|Any CPU.ActiveCfg = Release|Any CPU
		{C3B6A45F-F859-4BA0-9036-C90412887741}.Release|Any CPU.Build.0 = Release|Any CPU
		{C15F010C-E0FE-4E71-9EA0-59FA1F336323}.Debug|Any CPU.ActiveCfg = Debug|Any CPU
		{C15F010C-E0FE-4E71-9EA0-59FA1F336323}.Debug|Any CPU.Build.0 = Debug|Any CPU
		{C15F010C-E0FE-4E71-9EA0-59FA1F336323}.Release|Any CPU.ActiveCfg = Release|Any CPU
		{C15F010C-E0FE-4E71-9EA0-59FA1F336323}.Release|Any CPU.Build.0 = Release|Any CPU
	EndGlobalSection
	GlobalSection(SolutionProperties) = preSolution
		HideSolutionNode = FALSE
	EndGlobalSection
	GlobalSection(ExtensibilityGlobals) = postSolution
		SolutionGuid = {0A507B76-35FC-48A0-89EE-A4563C7CEFB2}
	EndGlobalSection
EndGlobal
